// !$*UTF8*$!
{
	archiveVersion = 1;
	classes = {
	};
	objectVersion = 50;
	objects = {

/* Begin PBXBuildFile section */
		CF0EE75625E07EFD002B3601 /* BoardView.swift in Sources */ = {isa = PBXBuildFile; fileRef = CF434A2525E04B6A0065B8B1 /* BoardView.swift */; };
		CF434A0625E025BD0065B8B1 /* ShiftUIApp.swift in Sources */ = {isa = PBXBuildFile; fileRef = CF434A0525E025BD0065B8B1 /* ShiftUIApp.swift */; };
		CF434A0825E025BD0065B8B1 /* ContentView.swift in Sources */ = {isa = PBXBuildFile; fileRef = CF434A0725E025BD0065B8B1 /* ContentView.swift */; };
		CF434A0A25E025BE0065B8B1 /* Assets.xcassets in Resources */ = {isa = PBXBuildFile; fileRef = CF434A0925E025BE0065B8B1 /* Assets.xcassets */; };
		CF434A0D25E025BE0065B8B1 /* Preview Assets.xcassets in Resources */ = {isa = PBXBuildFile; fileRef = CF434A0C25E025BE0065B8B1 /* Preview Assets.xcassets */; };
		CF434A1725E02A4F0065B8B1 /* ShiftBoard.swift in Sources */ = {isa = PBXBuildFile; fileRef = CF434A1625E02A4F0065B8B1 /* ShiftBoard.swift */; };
		CF434A1B25E047BC0065B8B1 /* ShiftSquare.swift in Sources */ = {isa = PBXBuildFile; fileRef = CF434A1A25E047BC0065B8B1 /* ShiftSquare.swift */; };
		CF434A2925E054B60065B8B1 /* BoardPosition.swift in Sources */ = {isa = PBXBuildFile; fileRef = CF434A2825E054B60065B8B1 /* BoardPosition.swift */; };
		CFEDD56225E079AE00553F25 /* Position.swift in Sources */ = {isa = PBXBuildFile; fileRef = CFEDD56125E079AE00553F25 /* Position.swift */; };
		CFEDD56525E079CB00553F25 /* Direction.swift in Sources */ = {isa = PBXBuildFile; fileRef = CFEDD56425E079CB00553F25 /* Direction.swift */; };
/* End PBXBuildFile section */

/* Begin PBXFileReference section */
		CF434A0225E025BD0065B8B1 /* ShiftUI.app */ = {isa = PBXFileReference; explicitFileType = wrapper.application; includeInIndex = 0; path = ShiftUI.app; sourceTree = BUILT_PRODUCTS_DIR; };
		CF434A0525E025BD0065B8B1 /* ShiftUIApp.swift */ = {isa = PBXFileReference; lastKnownFileType = sourcecode.swift; path = ShiftUIApp.swift; sourceTree = "<group>"; };
		CF434A0725E025BD0065B8B1 /* ContentView.swift */ = {isa = PBXFileReference; lastKnownFileType = sourcecode.swift; path = ContentView.swift; sourceTree = "<group>"; };
		CF434A0925E025BE0065B8B1 /* Assets.xcassets */ = {isa = PBXFileReference; lastKnownFileType = folder.assetcatalog; path = Assets.xcassets; sourceTree = "<group>"; };
		CF434A0C25E025BE0065B8B1 /* Preview Assets.xcassets */ = {isa = PBXFileReference; lastKnownFileType = folder.assetcatalog; path = "Preview Assets.xcassets"; sourceTree = "<group>"; };
		CF434A0E25E025BE0065B8B1 /* Info.plist */ = {isa = PBXFileReference; lastKnownFileType = text.plist.xml; path = Info.plist; sourceTree = "<group>"; };
		CF434A1625E02A4F0065B8B1 /* ShiftBoard.swift */ = {isa = PBXFileReference; lastKnownFileType = sourcecode.swift; path = ShiftBoard.swift; sourceTree = "<group>"; };
		CF434A1A25E047BC0065B8B1 /* ShiftSquare.swift */ = {isa = PBXFileReference; lastKnownFileType = sourcecode.swift; path = ShiftSquare.swift; sourceTree = "<group>"; };
		CF434A2525E04B6A0065B8B1 /* BoardView.swift */ = {isa = PBXFileReference; lastKnownFileType = sourcecode.swift; path = BoardView.swift; sourceTree = "<group>"; };
		CF434A2825E054B60065B8B1 /* BoardPosition.swift */ = {isa = PBXFileReference; lastKnownFileType = sourcecode.swift; path = BoardPosition.swift; sourceTree = "<group>"; };
		CFEDD56125E079AE00553F25 /* Position.swift */ = {isa = PBXFileReference; lastKnownFileType = sourcecode.swift; path = Position.swift; sourceTree = "<group>"; };
		CFEDD56425E079CB00553F25 /* Direction.swift */ = {isa = PBXFileReference; lastKnownFileType = sourcecode.swift; path = Direction.swift; sourceTree = "<group>"; };
/* End PBXFileReference section */

/* Begin PBXFrameworksBuildPhase section */
		CF4349FF25E025BD0065B8B1 /* Frameworks */ = {
			isa = PBXFrameworksBuildPhase;
			buildActionMask = 2147483647;
			files = (
			);
			runOnlyForDeploymentPostprocessing = 0;
		};
/* End PBXFrameworksBuildPhase section */

/* Begin PBXGroup section */
		CF4349F925E025BD0065B8B1 = {
			isa = PBXGroup;
			children = (
				CF434A0425E025BD0065B8B1 /* ShiftUI */,
				CF434A0325E025BD0065B8B1 /* Products */,
			);
			sourceTree = "<group>";
		};
		CF434A0325E025BD0065B8B1 /* Products */ = {
			isa = PBXGroup;
			children = (
				CF434A0225E025BD0065B8B1 /* ShiftUI.app */,
			);
			name = Products;
			sourceTree = "<group>";
		};
		CF434A0425E025BD0065B8B1 /* ShiftUI */ = {
			isa = PBXGroup;
			children = (
				CF434A0525E025BD0065B8B1 /* ShiftUIApp.swift */,
				CF434A0725E025BD0065B8B1 /* ContentView.swift */,
				CF434A1525E02A110065B8B1 /* Model */,
				CF434A1F25E04B4A0065B8B1 /* View */,
				CF434A0925E025BE0065B8B1 /* Assets.xcassets */,
				CF434A0E25E025BE0065B8B1 /* Info.plist */,
				CF434A0B25E025BE0065B8B1 /* Preview Content */,
			);
			path = ShiftUI;
			sourceTree = "<group>";
		};
		CF434A0B25E025BE0065B8B1 /* Preview Content */ = {
			isa = PBXGroup;
			children = (
				CF434A0C25E025BE0065B8B1 /* Preview Assets.xcassets */,
			);
			path = "Preview Content";
			sourceTree = "<group>";
		};
		CF434A1525E02A110065B8B1 /* Model */ = {
			isa = PBXGroup;
			children = (
				CF434A1625E02A4F0065B8B1 /* ShiftBoard.swift */,
				CF434A2825E054B60065B8B1 /* BoardPosition.swift */,
				CF434A1A25E047BC0065B8B1 /* ShiftSquare.swift */,
				CFEDD56125E079AE00553F25 /* Position.swift */,
				CFEDD56425E079CB00553F25 /* Direction.swift */,
			);
			path = Model;
			sourceTree = "<group>";
		};
		CF434A1F25E04B4A0065B8B1 /* View */ = {
			isa = PBXGroup;
			children = (
				CF434A2525E04B6A0065B8B1 /* BoardView.swift */,
			);
			path = View;
			sourceTree = "<group>";
		};
/* End PBXGroup section */

/* Begin PBXNativeTarget section */
		CF434A0125E025BD0065B8B1 /* ShiftUI */ = {
			isa = PBXNativeTarget;
			buildConfigurationList = CF434A1125E025BE0065B8B1 /* Build configuration list for PBXNativeTarget "ShiftUI" */;
			buildPhases = (
				CF4349FE25E025BD0065B8B1 /* Sources */,
				CF4349FF25E025BD0065B8B1 /* Frameworks */,
				CF434A0025E025BD0065B8B1 /* Resources */,
			);
			buildRules = (
			);
			dependencies = (
			);
			name = ShiftUI;
			productName = ShiftUI;
			productReference = CF434A0225E025BD0065B8B1 /* ShiftUI.app */;
			productType = "com.apple.product-type.application";
		};
/* End PBXNativeTarget section */

/* Begin PBXProject section */
		CF4349FA25E025BD0065B8B1 /* Project object */ = {
			isa = PBXProject;
			attributes = {
				LastSwiftUpdateCheck = 1240;
				LastUpgradeCheck = 1240;
				TargetAttributes = {
					CF434A0125E025BD0065B8B1 = {
						CreatedOnToolsVersion = 12.4;
					};
				};
			};
			buildConfigurationList = CF4349FD25E025BD0065B8B1 /* Build configuration list for PBXProject "ShiftUI" */;
			compatibilityVersion = "Xcode 9.3";
			developmentRegion = en;
			hasScannedForEncodings = 0;
			knownRegions = (
				en,
				Base,
			);
			mainGroup = CF4349F925E025BD0065B8B1;
			productRefGroup = CF434A0325E025BD0065B8B1 /* Products */;
			projectDirPath = "";
			projectRoot = "";
			targets = (
				CF434A0125E025BD0065B8B1 /* ShiftUI */,
			);
		};
/* End PBXProject section */

/* Begin PBXResourcesBuildPhase section */
		CF434A0025E025BD0065B8B1 /* Resources */ = {
			isa = PBXResourcesBuildPhase;
			buildActionMask = 2147483647;
			files = (
				CF434A0D25E025BE0065B8B1 /* Preview Assets.xcassets in Resources */,
				CF434A0A25E025BE0065B8B1 /* Assets.xcassets in Resources */,
			);
			runOnlyForDeploymentPostprocessing = 0;
		};
/* End PBXResourcesBuildPhase section */

/* Begin PBXSourcesBuildPhase section */
		CF4349FE25E025BD0065B8B1 /* Sources */ = {
			isa = PBXSourcesBuildPhase;
			buildActionMask = 2147483647;
			files = (
				CFEDD56225E079AE00553F25 /* Position.swift in Sources */,
				CF434A1725E02A4F0065B8B1 /* ShiftBoard.swift in Sources */,
				CF434A1B25E047BC0065B8B1 /* ShiftSquare.swift in Sources */,
				CFEDD56525E079CB00553F25 /* Direction.swift in Sources */,
				CF434A2925E054B60065B8B1 /* BoardPosition.swift in Sources */,
				CF0EE75625E07EFD002B3601 /* BoardView.swift in Sources */,
				CF434A0825E025BD0065B8B1 /* ContentView.swift in Sources */,
				CF434A0625E025BD0065B8B1 /* ShiftUIApp.swift in Sources */,
			);
			runOnlyForDeploymentPostprocessing = 0;
		};
/* End PBXSourcesBuildPhase section */

/* Begin XCBuildConfiguration section */
		CF434A0F25E025BE0065B8B1 /* Debug */ = {
			isa = XCBuildConfiguration;
			buildSettings = {
				ALWAYS_SEARCH_USER_PATHS = NO;
				CLANG_ANALYZER_NONNULL = YES;
				CLANG_ANALYZER_NUMBER_OBJECT_CONVERSION = YES_AGGRESSIVE;
				CLANG_CXX_LANGUAGE_STANDARD = "gnu++14";
				CLANG_CXX_LIBRARY = "libc++";
				CLANG_ENABLE_MODULES = YES;
				CLANG_ENABLE_OBJC_ARC = YES;
				CLANG_ENABLE_OBJC_WEAK = YES;
				CLANG_WARN_BLOCK_CAPTURE_AUTORELEASING = YES;
				CLANG_WARN_BOOL_CONVERSION = YES;
				CLANG_WARN_COMMA = YES;
				CLANG_WARN_CONSTANT_CONVERSION = YES;
				CLANG_WARN_DEPRECATED_OBJC_IMPLEMENTATIONS = YES;
				CLANG_WARN_DIRECT_OBJC_ISA_USAGE = YES_ERROR;
				CLANG_WARN_DOCUMENTATION_COMMENTS = YES;
				CLANG_WARN_EMPTY_BODY = YES;
				CLANG_WARN_ENUM_CONVERSION = YES;
				CLANG_WARN_INFINITE_RECURSION = YES;
				CLANG_WARN_INT_CONVERSION = YES;
				CLANG_WARN_NON_LITERAL_NULL_CONVERSION = YES;
				CLANG_WARN_OBJC_IMPLICIT_RETAIN_SELF = YES;
				CLANG_WARN_OBJC_LITERAL_CONVERSION = YES;
				CLANG_WARN_OBJC_ROOT_CLASS = YES_ERROR;
				CLANG_WARN_QUOTED_INCLUDE_IN_FRAMEWORK_HEADER = YES;
				CLANG_WARN_RANGE_LOOP_ANALYSIS = YES;
				CLANG_WARN_STRICT_PROTOTYPES = YES;
				CLANG_WARN_SUSPICIOUS_MOVE = YES;
				CLANG_WARN_UNGUARDED_AVAILABILITY = YES_AGGRESSIVE;
				CLANG_WARN_UNREACHABLE_CODE = YES;
				CLANG_WARN__DUPLICATE_METHOD_MATCH = YES;
				COPY_PHASE_STRIP = NO;
				DEBUG_INFORMATION_FORMAT = dwarf;
				ENABLE_STRICT_OBJC_MSGSEND = YES;
				ENABLE_TESTABILITY = YES;
				GCC_C_LANGUAGE_STANDARD = gnu11;
				GCC_DYNAMIC_NO_PIC = NO;
				GCC_NO_COMMON_BLOCKS = YES;
				GCC_OPTIMIZATION_LEVEL = 0;
				GCC_PREPROCESSOR_DEFINITIONS = (
					"DEBUG=1",
					"$(inherited)",
				);
				GCC_WARN_64_TO_32_BIT_CONVERSION = YES;
				GCC_WARN_ABOUT_RETURN_TYPE = YES_ERROR;
				GCC_WARN_UNDECLARED_SELECTOR = YES;
				GCC_WARN_UNINITIALIZED_AUTOS = YES_AGGRESSIVE;
				GCC_WARN_UNUSED_FUNCTION = YES;
				GCC_WARN_UNUSED_VARIABLE = YES;
				IPHONEOS_DEPLOYMENT_TARGET = 14.4;
				MTL_ENABLE_DEBUG_INFO = INCLUDE_SOURCE;
				MTL_FAST_MATH = YES;
				ONLY_ACTIVE_ARCH = YES;
				SDKROOT = iphoneos;
				SWIFT_ACTIVE_COMPILATION_CONDITIONS = DEBUG;
				SWIFT_OPTIMIZATION_LEVEL = "-Onone";
			};
			name = Debug;
		};
		CF434A1025E025BE0065B8B1 /* Release */ = {
			isa = XCBuildConfiguration;
			buildSettings = {
				ALWAYS_SEARCH_USER_PATHS = NO;
				CLANG_ANALYZER_NONNULL = YES;
				CLANG_ANALYZER_NUMBER_OBJECT_CONVERSION = YES_AGGRESSIVE;
				CLANG_CXX_LANGUAGE_STANDARD = "gnu++14";
				CLANG_CXX_LIBRARY = "libc++";
				CLANG_ENABLE_MODULES = YES;
				CLANG_ENABLE_OBJC_ARC = YES;
				CLANG_ENABLE_OBJC_WEAK = YES;
				CLANG_WARN_BLOCK_CAPTURE_AUTORELEASING = YES;
				CLANG_WARN_BOOL_CONVERSION = YES;
				CLANG_WARN_COMMA = YES;
				CLANG_WARN_CONSTANT_CONVERSION = YES;
				CLANG_WARN_DEPRECATED_OBJC_IMPLEMENTATIONS = YES;
				CLANG_WARN_DIRECT_OBJC_ISA_USAGE = YES_ERROR;
				CLANG_WARN_DOCUMENTATION_COMMENTS = YES;
				CLANG_WARN_EMPTY_BODY = YES;
				CLANG_WARN_ENUM_CONVERSION = YES;
				CLANG_WARN_INFINITE_RECURSION = YES;
				CLANG_WARN_INT_CONVERSION = YES;
				CLANG_WARN_NON_LITERAL_NULL_CONVERSION = YES;
				CLANG_WARN_OBJC_IMPLICIT_RETAIN_SELF = YES;
				CLANG_WARN_OBJC_LITERAL_CONVERSION = YES;
				CLANG_WARN_OBJC_ROOT_CLASS = YES_ERROR;
				CLANG_WARN_QUOTED_INCLUDE_IN_FRAMEWORK_HEADER = YES;
				CLANG_WARN_RANGE_LOOP_ANALYSIS = YES;
				CLANG_WARN_STRICT_PROTOTYPES = YES;
				CLANG_WARN_SUSPICIOUS_MOVE = YES;
				CLANG_WARN_UNGUARDED_AVAILABILITY = YES_AGGRESSIVE;
				CLANG_WARN_UNREACHABLE_CODE = YES;
				CLANG_WARN__DUPLICATE_METHOD_MATCH = YES;
				COPY_PHASE_STRIP = NO;
				DEBUG_INFORMATION_FORMAT = "dwarf-with-dsym";
				ENABLE_NS_ASSERTIONS = NO;
				ENABLE_STRICT_OBJC_MSGSEND = YES;
				GCC_C_LANGUAGE_STANDARD = gnu11;
				GCC_NO_COMMON_BLOCKS = YES;
				GCC_WARN_64_TO_32_BIT_CONVERSION = YES;
				GCC_WARN_ABOUT_RETURN_TYPE = YES_ERROR;
				GCC_WARN_UNDECLARED_SELECTOR = YES;
				GCC_WARN_UNINITIALIZED_AUTOS = YES_AGGRESSIVE;
				GCC_WARN_UNUSED_FUNCTION = YES;
				GCC_WARN_UNUSED_VARIABLE = YES;
				IPHONEOS_DEPLOYMENT_TARGET = 14.4;
				MTL_ENABLE_DEBUG_INFO = NO;
				MTL_FAST_MATH = YES;
				SDKROOT = iphoneos;
				SWIFT_COMPILATION_MODE = wholemodule;
				SWIFT_OPTIMIZATION_LEVEL = "-O";
				VALIDATE_PRODUCT = YES;
			};
			name = Release;
		};
		CF434A1225E025BE0065B8B1 /* Debug */ = {
			isa = XCBuildConfiguration;
			buildSettings = {
				ASSETCATALOG_COMPILER_APPICON_NAME = AppIcon;
				ASSETCATALOG_COMPILER_GLOBAL_ACCENT_COLOR_NAME = AccentColor;
				CODE_SIGN_STYLE = Automatic;
				DEVELOPMENT_ASSET_PATHS = "\"ShiftUI/Preview Content\"";
				DEVELOPMENT_TEAM = 97423JQ8B9;
				ENABLE_PREVIEWS = YES;
				INFOPLIST_FILE = ShiftUI/Info.plist;
				IPHONEOS_DEPLOYMENT_TARGET = 14.0;
				LD_RUNPATH_SEARCH_PATHS = (
					"$(inherited)",
					"@executable_path/Frameworks",
				);
				PRODUCT_BUNDLE_IDENTIFIER = com.abetterwaytodo.ShiftUI;
				PRODUCT_NAME = "$(TARGET_NAME)";
				SWIFT_VERSION = 5.0;
				TARGETED_DEVICE_FAMILY = "1,2";
			};
			name = Debug;
		};
		CF434A1325E025BE0065B8B1 /* Release */ = {
			isa = XCBuildConfiguration;
			buildSettings = {
				ASSETCATALOG_COMPILER_APPICON_NAME = AppIcon;
				ASSETCATALOG_COMPILER_GLOBAL_ACCENT_COLOR_NAME = AccentColor;
				CODE_SIGN_STYLE = Automatic;
				DEVELOPMENT_ASSET_PATHS = "\"ShiftUI/Preview Content\"";
				DEVELOPMENT_TEAM = 97423JQ8B9;
				ENABLE_PREVIEWS = YES;
				INFOPLIST_FILE = ShiftUI/Info.plist;
				IPHONEOS_DEPLOYMENT_TARGET = 14.0;
				LD_RUNPATH_SEARCH_PATHS = (
					"$(inherited)",
					"@executable_path/Frameworks",
				);
				PRODUCT_BUNDLE_IDENTIFIER = com.abetterwaytodo.ShiftUI;
				PRODUCT_NAME = "$(TARGET_NAME)";
				SWIFT_VERSION = 5.0;
				TARGETED_DEVICE_FAMILY = "1,2";
			};
			name = Release;
		};
/* End XCBuildConfiguration section */

/* Begin XCConfigurationList section */
		CF4349FD25E025BD0065B8B1 /* Build configuration list for PBXProject "ShiftUI" */ = {
			isa = XCConfigurationList;
			buildConfigurations = (
				CF434A0F25E025BE0065B8B1 /* Debug */,
				CF434A1025E025BE0065B8B1 /* Release */,
			);
			defaultConfigurationIsVisible = 0;
			defaultConfigurationName = Release;
		};
		CF434A1125E025BE0065B8B1 /* Build configuration list for PBXNativeTarget "ShiftUI" */ = {
			isa = XCConfigurationList;
			buildConfigurations = (
				CF434A1225E025BE0065B8B1 /* Debug */,
				CF434A1325E025BE0065B8B1 /* Release */,
			);
			defaultConfigurationIsVisible = 0;
			defaultConfigurationName = Release;
		};
/* End XCConfigurationList section */
	};
	rootObject = CF4349FA25E025BD0065B8B1 /* Project object */;
}
